<?xml version="1.0" encoding="utf-8"?>
<Project ToolsVersion="4.0" xmlns="http://schemas.microsoft.com/developer/msbuild/2003">
  <ItemGroup>
    <Filter Include="Resource Files">
      <UniqueIdentifier>{67DA6AB6-F800-4c08-8B7A-83BB121AAD01}</UniqueIdentifier>
      <Extensions>rc;ico;cur;bmp;dlg;rc2;rct;bin;rgs;gif;jpg;jpeg;jpe;resx;tiff;tif;png;wav;mfcribbon-ms</Extensions>
    </Filter>
    <Filter Include="GameEngine">
      <UniqueIdentifier>{f5a8b31e-8777-48bc-9559-8347f105f08e}</UniqueIdentifier>
    </Filter>
    <Filter Include="DirectXClasses">
      <UniqueIdentifier>{183b9c4e-7121-420c-94b8-c02053192a3b}</UniqueIdentifier>
    </Filter>
    <Filter Include="DirectXClasses\Buffers">
      <UniqueIdentifier>{b26a8bec-7134-4fa1-a100-bb073267ea4c}</UniqueIdentifier>
    </Filter>
    <Filter Include="GameEngine\Graphics">
      <UniqueIdentifier>{b31fa7ef-6bd0-4833-8678-860ba0e513f9}</UniqueIdentifier>
    </Filter>
    <Filter Include="WindowsSystem">
      <UniqueIdentifier>{1d4a7c30-e080-4e2d-98f6-96082f5bac79}</UniqueIdentifier>
    </Filter>
    <Filter Include="GameEngine\Components">
      <UniqueIdentifier>{89f9f87e-a98b-43a7-969d-0eda36f6401d}</UniqueIdentifier>
    </Filter>
    <Filter Include="GameEngine\Components\Renderer">
      <UniqueIdentifier>{5a71a623-5116-443f-bc47-ecd6b8420003}</UniqueIdentifier>
    </Filter>
    <Filter Include="GameEngine\GameObjects">
      <UniqueIdentifier>{6ba11f8d-b702-41a6-af98-6e3bc852a45a}</UniqueIdentifier>
    </Filter>
    <Filter Include="GameEngine\Managers">
      <UniqueIdentifier>{2ff1e43b-3973-41d0-8391-ebdcf5072ee7}</UniqueIdentifier>
    </Filter>
    <Filter Include="GameEngine\Meshes">
      <UniqueIdentifier>{a7958416-dc9c-4f9c-8c41-0010542604f8}</UniqueIdentifier>
    </Filter>
    <Filter Include="Shaders">
      <UniqueIdentifier>{4cbf040a-27dd-48c6-8fa1-e80397905657}</UniqueIdentifier>
    </Filter>
    <Filter Include="GameEngine\GameObjects\Primitives">
      <UniqueIdentifier>{50d02913-8377-4dea-9301-56f4446de050}</UniqueIdentifier>
    </Filter>
    <Filter Include="GameEngine\Components\Camera">
      <UniqueIdentifier>{e43d8e90-b56b-4dd8-8f09-e2328695a0e6}</UniqueIdentifier>
    </Filter>
    <Filter Include="GameEngine\Components\Inputs">
      <UniqueIdentifier>{79fe56b6-87c2-410a-9474-1f44fddd22db}</UniqueIdentifier>
    </Filter>
    <Filter Include="GameEngine\Components\Scripts">
      <UniqueIdentifier>{c1401415-0581-4e3e-b1e6-5b1726de29ef}</UniqueIdentifier>
    </Filter>
  </ItemGroup>
  <ItemGroup>
    <ClCompile Include="Code\WinMain.cpp" />
    <ClCompile Include="Code\WindowsMessageMap.cpp" />
    <ClCompile Include="Code\GameEngine\Components\AComponent.cpp">
      <Filter>GameEngine\Components</Filter>
    </ClCompile>
    <ClCompile Include="Code\GameEngine\GameObjects\AGameObject.cpp">
      <Filter>GameEngine\GameObjects</Filter>
    </ClCompile>
    <ClCompile Include="Code\GameEngine\Components\Renderer\ARenderer.cpp">
      <Filter>GameEngine\Components\Renderer</Filter>
    </ClCompile>
    <ClCompile Include="Code\DirectXClasses\Buffers\ConstantBuffer.cpp">
      <Filter>DirectXClasses\Buffers</Filter>
    </ClCompile>
    <ClCompile Include="Code\GameEngine\GameObjects\EmptyGameObject.cpp">
      <Filter>GameEngine\GameObjects</Filter>
    </ClCompile>
    <ClCompile Include="Code\GameEngine\EngineTime.cpp">
      <Filter>GameEngine</Filter>
    </ClCompile>
    <ClCompile Include="Code\GameEngine\GameEngineWindow.cpp">
      <Filter>GameEngine</Filter>
    </ClCompile>
    <ClCompile Include="Code\GameEngine\Managers\GameObjectManager.cpp">
      <Filter>GameEngine\Managers</Filter>
    </ClCompile>
    <ClCompile Include="Code\GameEngine\Graphics\GraphicsEngine.cpp">
      <Filter>GameEngine\Graphics</Filter>
    </ClCompile>
    <ClCompile Include="Code\DirectXClasses\Buffers\IndexBuffer.cpp">
      <Filter>DirectXClasses\Buffers</Filter>
    </ClCompile>
    <ClCompile Include="Code\GameEngine\Components\Renderer\MeshRenderer.cpp">
      <Filter>GameEngine\Components\Renderer</Filter>
    </ClCompile>
    <ClCompile Include="Code\DirectXClasses\Shader.cpp">
      <Filter>DirectXClasses</Filter>
    </ClCompile>
    <ClCompile Include="Code\GameEngine\Graphics\ShaderManager.cpp">
      <Filter>GameEngine\Graphics</Filter>
    </ClCompile>
    <ClCompile Include="Code\DirectXClasses\SwapChain.cpp">
      <Filter>DirectXClasses</Filter>
    </ClCompile>
    <ClCompile Include="Code\GameEngine\Components\Transform.cpp">
      <Filter>GameEngine\Components</Filter>
    </ClCompile>
    <ClCompile Include="Code\DirectXClasses\Buffers\VertexBuffer.cpp">
      <Filter>DirectXClasses\Buffers</Filter>
    </ClCompile>
    <ClCompile Include="Code\WindowSystem\Window.cpp">
      <Filter>WindowsSystem</Filter>
    </ClCompile>
    <ClCompile Include="Code\GameEngine\GameObjects\Primitives\CubeObject.cpp">
      <Filter>GameEngine\GameObjects\Primitives</Filter>
    </ClCompile>
    <ClCompile Include="Code\GameEngine\Components\Camera\Camera.cpp">
      <Filter>GameEngine\Components\Camera</Filter>
    </ClCompile>
    <ClCompile Include="Code\GameEngine\Components\Inputs\GenericInputController.cpp">
      <Filter>GameEngine\Components\Inputs</Filter>
    </ClCompile>
    <ClCompile Include="Code\GameEngine\GameObjects\CameraObject.cpp">
      <Filter>GameEngine\GameObjects</Filter>
    </ClCompile>
    <ClCompile Include="Code\GameEngine\GameObjects\Primitives\CircleObject.cpp">
      <Filter>GameEngine\GameObjects\Primitives</Filter>
    </ClCompile>
    <ClCompile Include="Code\GameEngine\GameObjects\Primitives\QuadObject.cpp">
      <Filter>GameEngine\GameObjects\Primitives</Filter>
    </ClCompile>
    <ClCompile Include="Code\GameEngine\GameObjects\Primitives\PlaneObject.cpp">
      <Filter>GameEngine\GameObjects\Primitives</Filter>
    </ClCompile>
    <ClCompile Include="Code\GameEngine\Graphics\CameraManager.cpp">
      <Filter>GameEngine\Graphics</Filter>
    </ClCompile>
    <ClCompile Include="Code\WindowSystem\Keyboard.cpp">
      <Filter>WindowsSystem</Filter>
    </ClCompile>
    <ClCompile Include="Code\WindowSystem\Mouse.cpp">
      <Filter>WindowsSystem</Filter>
    </ClCompile>
    <ClCompile Include="Code\GameEngine\Components\Scripts\FreeCameraScript.cpp">
      <Filter>GameEngine\Components\Scripts</Filter>
    </ClCompile>
    <ClCompile Include="Code\GameEngine\GameObjects\FreeCameraObject.cpp">
      <Filter>GameEngine\GameObjects</Filter>
    </ClCompile>
    <ClCompile Include="Code\GameEngine\GameObjects\Primitives\ConeObject.cpp">
      <Filter>GameEngine\GameObjects\Primitives</Filter>
    </ClCompile>
    <ClCompile Include="Code\GameEngine\GameObjects\Primitives\CylinderObject.cpp">
      <Filter>GameEngine\GameObjects\Primitives</Filter>
    </ClCompile>
    <ClCompile Include="Code\GameEngine\Components\Scripts\CameraController.cpp">
      <Filter>GameEngine\Components\Scripts</Filter>
    </ClCompile>
    <ClCompile Include="Code\GameEngine\GameObjects\Primitives\SphereObject.cpp">
      <Filter>GameEngine\GameObjects\Primitives</Filter>
    </ClCompile>
    <ClCompile Include="Code\GameEngine\MathUtils.cpp">
      <Filter>GameEngine</Filter>
    </ClCompile>
    <ClCompile Include="Code\Editor UI\AUIScreen.cpp" />
    <ClCompile Include="Code\Editor UI\EToolBar.cpp" />
    <ClCompile Include="Code\Editor UI\EditorUIManager.cpp" />
    <ClCompile Include="Code\Editor UI\imgui-master\imgui.cpp" />
    <ClCompile Include="Code\Editor UI\imgui-master\imgui_demo.cpp" />
    <ClCompile Include="Code\Editor UI\imgui-master\imgui_draw.cpp" />
    <ClCompile Include="Code\Editor UI\imgui-master\imgui_impl_dx11.cpp" />
    <ClCompile Include="Code\Editor UI\imgui-master\imgui_impl_win32.cpp" />
    <ClCompile Include="Code\Editor UI\imgui-master\imgui_tables.cpp" />
    <ClCompile Include="Code\Editor UI\imgui-master\imgui_widgets.cpp" />
    <ClCompile Include="Code\Editor UI\HeirarcyUI.cpp" />
    <ClCompile Include="Code\Editor UI\InspectorUI.cpp" />
  </ItemGroup>
  <ItemGroup>
    <ClInclude Include="Code\WindowsMessageMap.h" />
    <ClInclude Include="Code\GameEngine\Components\AComponent.h">
      <Filter>GameEngine\Components</Filter>
    </ClInclude>
    <ClInclude Include="Code\GameEngine\GameObjects\AGameObject.h">
      <Filter>GameEngine\GameObjects</Filter>
    </ClInclude>
    <ClInclude Include="Code\DirectXClasses\AD3D11Object.h">
      <Filter>DirectXClasses</Filter>
    </ClInclude>
    <ClInclude Include="Code\GameEngine\Meshes\AMesh.h">
      <Filter>GameEngine\Meshes</Filter>
    </ClInclude>
    <ClInclude Include="Code\GameEngine\Components\Renderer\ARenderer.h">
      <Filter>GameEngine\Components\Renderer</Filter>
    </ClInclude>
    <ClInclude Include="Code\DirectXClasses\Buffers\BufferDataTypes.h">
      <Filter>DirectXClasses\Buffers</Filter>
    </ClInclude>
    <ClInclude Include="Code\DirectXClasses\Buffers\ConstantBuffer.h">
      <Filter>DirectXClasses\Buffers</Filter>
    </ClInclude>
    <ClInclude Include="Code\GameEngine\Meshes\CubeMesh.h">
      <Filter>GameEngine\Meshes</Filter>
    </ClInclude>
    <ClInclude Include="Code\GameEngine\Components\EComponentTypes.h">
      <Filter>GameEngine\Components</Filter>
    </ClInclude>
    <ClInclude Include="Code\GameEngine\GameObjects\EmptyGameObject.h">
      <Filter>GameEngine\GameObjects</Filter>
    </ClInclude>
    <ClInclude Include="Code\GameEngine\EngineTime.h">
      <Filter>GameEngine</Filter>
    </ClInclude>
    <ClInclude Include="Code\GameEngine\Meshes\EPrimitiveMeshTypes.h">
      <Filter>GameEngine\Meshes</Filter>
    </ClInclude>
    <ClInclude Include="Code\GameEngine\GameEngineWindow.h">
      <Filter>GameEngine</Filter>
    </ClInclude>
    <ClInclude Include="Code\GameEngine\Managers\GameObjectManager.h">
      <Filter>GameEngine\Managers</Filter>
    </ClInclude>
    <ClInclude Include="Code\GameEngine\Graphics\GraphicsEngine.h">
      <Filter>GameEngine\Graphics</Filter>
    </ClInclude>
    <ClInclude Include="Code\DirectXClasses\Buffers\IndexBuffer.h">
      <Filter>DirectXClasses\Buffers</Filter>
    </ClInclude>
    <ClInclude Include="Code\GameEngine\Components\Renderer\MeshRenderer.h">
      <Filter>GameEngine\Components\Renderer</Filter>
    </ClInclude>
    <ClInclude Include="Code\GameEngine\Meshes\QuadMesh.h">
      <Filter>GameEngine\Meshes</Filter>
    </ClInclude>
    <ClInclude Include="Code\DirectXClasses\Shader.h">
      <Filter>DirectXClasses</Filter>
    </ClInclude>
    <ClInclude Include="Code\GameEngine\Graphics\ShaderManager.h">
      <Filter>GameEngine\Graphics</Filter>
    </ClInclude>
    <ClInclude Include="Code\DirectXClasses\SwapChain.h">
      <Filter>DirectXClasses</Filter>
    </ClInclude>
    <ClInclude Include="Code\GameEngine\Components\Transform.h">
      <Filter>GameEngine\Components</Filter>
    </ClInclude>
    <ClInclude Include="Code\DirectXClasses\Buffers\VertexBuffer.h">
      <Filter>DirectXClasses\Buffers</Filter>
    </ClInclude>
    <ClInclude Include="Code\WindowSystem\Window.h">
      <Filter>WindowsSystem</Filter>
    </ClInclude>
    <ClInclude Include="Code\GameEngine\GameObjects\Primitives\CubeObject.h">
      <Filter>GameEngine\GameObjects\Primitives</Filter>
    </ClInclude>
    <ClInclude Include="Code\GameEngine\Components\Camera\Camera.h">
      <Filter>GameEngine\Components\Camera</Filter>
    </ClInclude>
    <ClInclude Include="Code\GameEngine\Components\Camera\EProjectionTypes.h">
      <Filter>GameEngine\Components\Camera</Filter>
    </ClInclude>
    <ClInclude Include="Code\GameEngine\Components\Inputs\GenericInputController.h">
      <Filter>GameEngine\Components\Inputs</Filter>
    </ClInclude>
    <ClInclude Include="Code\GameEngine\Meshes\CircleMesh.h">
      <Filter>GameEngine\Meshes</Filter>
    </ClInclude>
    <ClInclude Include="Code\GameEngine\GameObjects\CameraObject.h">
      <Filter>GameEngine\GameObjects</Filter>
    </ClInclude>
    <ClInclude Include="Code\GameEngine\GameObjects\Primitives\CircleObject.h">
      <Filter>GameEngine\GameObjects\Primitives</Filter>
    </ClInclude>
    <ClInclude Include="Code\GameEngine\GameObjects\Primitives\QuadObject.h">
      <Filter>GameEngine\GameObjects\Primitives</Filter>
    </ClInclude>
    <ClInclude Include="Code\GameEngine\Meshes\PlaneMesh.h">
      <Filter>GameEngine\Meshes</Filter>
    </ClInclude>
    <ClInclude Include="Code\GameEngine\GameObjects\Primitives\PlaneObject.h">
      <Filter>GameEngine\GameObjects\Primitives</Filter>
    </ClInclude>
    <ClInclude Include="Code\GameEngine\Graphics\CameraManager.h">
      <Filter>GameEngine\Graphics</Filter>
    </ClInclude>
    <ClInclude Include="Code\WindowSystem\Keyboard.h">
      <Filter>WindowsSystem</Filter>
    </ClInclude>
    <ClInclude Include="Code\WindowSystem\Mouse.h">
      <Filter>WindowsSystem</Filter>
    </ClInclude>
    <ClInclude Include="Code\GameEngine\Components\Scripts\FreeCameraScript.h">
      <Filter>GameEngine\Components\Scripts</Filter>
    </ClInclude>
    <ClInclude Include="Code\GameEngine\GameObjects\FreeCameraObject.h">
      <Filter>GameEngine\GameObjects</Filter>
    </ClInclude>
    <ClInclude Include="Code\GameEngine\Meshes\ConeMesh.h">
      <Filter>GameEngine\Meshes</Filter>
    </ClInclude>
    <ClInclude Include="Code\GameEngine\GameObjects\Primitives\ConeObject.h">
      <Filter>GameEngine\GameObjects\Primitives</Filter>
    </ClInclude>
    <ClInclude Include="Code\GameEngine\Meshes\CylinderMesh.h">
      <Filter>GameEngine\Meshes</Filter>
    </ClInclude>
    <ClInclude Include="Code\GameEngine\GameObjects\Primitives\CylinderObject.h">
      <Filter>GameEngine\GameObjects\Primitives</Filter>
    </ClInclude>
    <ClInclude Include="Code\GameEngine\Components\Scripts\CameraController.h">
      <Filter>GameEngine\Components\Scripts</Filter>
    </ClInclude>
    <ClInclude Include="Code\GameEngine\Meshes\SphereMesh.h">
      <Filter>GameEngine\Meshes</Filter>
    </ClInclude>
    <ClInclude Include="Code\GameEngine\GameObjects\Primitives\SphereObject.h">
      <Filter>GameEngine\GameObjects\Primitives</Filter>
    </ClInclude>
    <ClInclude Include="Code\GameEngine\MathUtils.h">
      <Filter>GameEngine</Filter>
    </ClInclude>
    <ClInclude Include="Code\Editor UI\AUIScreen.h" />
    <ClInclude Include="Code\Editor UI\EToolBar.h" />
    <ClInclude Include="Code\Editor UI\EditorUIManager.h" />
    <ClInclude Include="Code\Editor UI\imgui-master\imstb_truetype.h" />
    <ClInclude Include="Code\Editor UI\imgui-master\imconfig.h" />
    <ClInclude Include="Code\Editor UI\imgui-master\imgui.h" />
    <ClInclude Include="Code\Editor UI\imgui-master\imgui_impl_dx11.h" />
    <ClInclude Include="Code\Editor UI\imgui-master\imgui_impl_win32.h" />
    <ClInclude Include="Code\Editor UI\imgui-master\imgui_internal.h" />
    <ClInclude Include="Code\Editor UI\imgui-master\imstb_rectpack.h" />
    <ClInclude Include="Code\Editor UI\imgui-master\imstb_textedit.h" />
    <ClInclude Include="Code\Editor UI\HeirarcyUI.h" />
    <ClInclude Include="Code\Editor UI\InspectorUI.h" />
  </ItemGroup>
  <ItemGroup>
    <FxCompile Include="Code\Shaders\PixelShader.hlsl">
      <Filter>Shaders</Filter>
    </FxCompile>
    <FxCompile Include="Code\Shaders\VertexShader.hlsl">
      <Filter>Shaders</Filter>
    </FxCompile>
  </ItemGroup>
  <ItemGroup>
    <None Include="packages.config" />
  </ItemGroup>
</Project>